// !$*UTF8*$!
{
	archiveVersion = 1;
	classes = {
	};
	objectVersion = 46;
	objects = {

/* Begin PBXBuildFile section */
		CE496F7318867FAF002D78C1 /* Foundation.framework in Frameworks */ = {isa = PBXBuildFile; fileRef = CE496F7218867FAF002D78C1 /* Foundation.framework */; };
		CE496F7518867FAF002D78C1 /* CoreGraphics.framework in Frameworks */ = {isa = PBXBuildFile; fileRef = CE496F7418867FAF002D78C1 /* CoreGraphics.framework */; };
		CE496F7718867FAF002D78C1 /* UIKit.framework in Frameworks */ = {isa = PBXBuildFile; fileRef = CE496F7618867FAF002D78C1 /* UIKit.framework */; };
		CE496F7D18867FAF002D78C1 /* InfoPlist.strings in Resources */ = {isa = PBXBuildFile; fileRef = CE496F7B18867FAF002D78C1 /* InfoPlist.strings */; };
		CE496F7F18867FAF002D78C1 /* main.m in Sources */ = {isa = PBXBuildFile; fileRef = CE496F7E18867FAF002D78C1 /* main.m */; };
		CE496F8318867FAF002D78C1 /* ChecklistsAppDelegate.m in Sources */ = {isa = PBXBuildFile; fileRef = CE496F8218867FAF002D78C1 /* ChecklistsAppDelegate.m */; };
		CE496F8618867FAF002D78C1 /* Main.storyboard in Resources */ = {isa = PBXBuildFile; fileRef = CE496F8418867FAF002D78C1 /* Main.storyboard */; };
		CE496F8918867FAF002D78C1 /* ChecklistsViewController.m in Sources */ = {isa = PBXBuildFile; fileRef = CE496F8818867FAF002D78C1 /* ChecklistsViewController.m */; };
		CE496F8B18867FAF002D78C1 /* Images.xcassets in Resources */ = {isa = PBXBuildFile; fileRef = CE496F8A18867FAF002D78C1 /* Images.xcassets */; };
		CE496F9218867FAF002D78C1 /* XCTest.framework in Frameworks */ = {isa = PBXBuildFile; fileRef = CE496F9118867FAF002D78C1 /* XCTest.framework */; };
		CE496F9318867FAF002D78C1 /* Foundation.framework in Frameworks */ = {isa = PBXBuildFile; fileRef = CE496F7218867FAF002D78C1 /* Foundation.framework */; };
		CE496F9418867FAF002D78C1 /* UIKit.framework in Frameworks */ = {isa = PBXBuildFile; fileRef = CE496F7618867FAF002D78C1 /* UIKit.framework */; };
		CE496F9C18867FAF002D78C1 /* InfoPlist.strings in Resources */ = {isa = PBXBuildFile; fileRef = CE496F9A18867FAF002D78C1 /* InfoPlist.strings */; };
		CE496F9E18867FAF002D78C1 /* ChecklistsTests.m in Sources */ = {isa = PBXBuildFile; fileRef = CE496F9D18867FAF002D78C1 /* ChecklistsTests.m */; };
/* End PBXBuildFile section */

/* Begin PBXContainerItemProxy section */
		CE496F9518867FAF002D78C1 /* PBXContainerItemProxy */ = {
			isa = PBXContainerItemProxy;
			containerPortal = CE496F6718867FAF002D78C1 /* Project object */;
			proxyType = 1;
			remoteGlobalIDString = CE496F6E18867FAF002D78C1;
			remoteInfo = Checklists;
		};
/* End PBXContainerItemProxy section */

/* Begin PBXFileReference section */
		CE496F6F18867FAF002D78C1 /* Checklists.app */ = {isa = PBXFileReference; explicitFileType = wrapper.application; includeInIndex = 0; path = Checklists.app; sourceTree = BUILT_PRODUCTS_DIR; };
		CE496F7218867FAF002D78C1 /* Foundation.framework */ = {isa = PBXFileReference; lastKnownFileType = wrapper.framework; name = Foundation.framework; path = System/Library/Frameworks/Foundation.framework; sourceTree = SDKROOT; };
		CE496F7418867FAF002D78C1 /* CoreGraphics.framework */ = {isa = PBXFileReference; lastKnownFileType = wrapper.framework; name = CoreGraphics.framework; path = System/Library/Frameworks/CoreGraphics.framework; sourceTree = SDKROOT; };
		CE496F7618867FAF002D78C1 /* UIKit.framework */ = {isa = PBXFileReference; lastKnownFileType = wrapper.framework; name = UIKit.framework; path = System/Library/Frameworks/UIKit.framework; sourceTree = SDKROOT; };
		CE496F7A18867FAF002D78C1 /* Checklists-Info.plist */ = {isa = PBXFileReference; lastKnownFileType = text.plist.xml; path = "Checklists-Info.plist"; sourceTree = "<group>"; };
		CE496F7C18867FAF002D78C1 /* en */ = {isa = PBXFileReference; lastKnownFileType = text.plist.strings; name = en; path = en.lproj/InfoPlist.strings; sourceTree = "<group>"; };
		CE496F7E18867FAF002D78C1 /* main.m */ = {isa = PBXFileReference; lastKnownFileType = sourcecode.c.objc; path = main.m; sourceTree = "<group>"; };
		CE496F8018867FAF002D78C1 /* Checklists-Prefix.pch */ = {isa = PBXFileReference; lastKnownFileType = sourcecode.c.h; path = "Checklists-Prefix.pch"; sourceTree = "<group>"; };
		CE496F8118867FAF002D78C1 /* ChecklistsAppDelegate.h */ = {isa = PBXFileReference; lastKnownFileType = sourcecode.c.h; path = ChecklistsAppDelegate.h; sourceTree = "<group>"; };
		CE496F8218867FAF002D78C1 /* ChecklistsAppDelegate.m */ = {isa = PBXFileReference; lastKnownFileType = sourcecode.c.objc; path = ChecklistsAppDelegate.m; sourceTree = "<group>"; };
		CE496F8518867FAF002D78C1 /* Base */ = {isa = PBXFileReference; lastKnownFileType = file.storyboard; name = Base; path = Base.lproj/Main.storyboard; sourceTree = "<group>"; };
		CE496F8718867FAF002D78C1 /* ChecklistsViewController.h */ = {isa = PBXFileReference; lastKnownFileType = sourcecode.c.h; path = ChecklistsViewController.h; sourceTree = "<group>"; };
		CE496F8818867FAF002D78C1 /* ChecklistsViewController.m */ = {isa = PBXFileReference; lastKnownFileType = sourcecode.c.objc; path = ChecklistsViewController.m; sourceTree = "<group>"; };
		CE496F8A18867FAF002D78C1 /* Images.xcassets */ = {isa = PBXFileReference; lastKnownFileType = folder.assetcatalog; path = Images.xcassets; sourceTree = "<group>"; };
		CE496F9018867FAF002D78C1 /* ChecklistsTests.xctest */ = {isa = PBXFileReference; explicitFileType = wrapper.cfbundle; includeInIndex = 0; path = ChecklistsTests.xctest; sourceTree = BUILT_PRODUCTS_DIR; };
		CE496F9118867FAF002D78C1 /* XCTest.framework */ = {isa = PBXFileReference; lastKnownFileType = wrapper.framework; name = XCTest.framework; path = Library/Frameworks/XCTest.framework; sourceTree = DEVELOPER_DIR; };
		CE496F9918867FAF002D78C1 /* ChecklistsTests-Info.plist */ = {isa = PBXFileReference; lastKnownFileType = text.plist.xml; path = "ChecklistsTests-Info.plist"; sourceTree = "<group>"; };
		CE496F9B18867FAF002D78C1 /* en */ = {isa = PBXFileReference; lastKnownFileType = text.plist.strings; name = en; path = en.lproj/InfoPlist.strings; sourceTree = "<group>"; };
		CE496F9D18867FAF002D78C1 /* ChecklistsTests.m */ = {isa = PBXFileReference; lastKnownFileType = sourcecode.c.objc; path = ChecklistsTests.m; sourceTree = "<group>"; };
/* End PBXFileReference section */

/* Begin PBXFrameworksBuildPhase section */
		CE496F6C18867FAF002D78C1 /* Frameworks */ = {
			isa = PBXFrameworksBuildPhase;
			buildActionMask = 2147483647;
			files = (
				CE496F7518867FAF002D78C1 /* CoreGraphics.framework in Frameworks */,
				CE496F7718867FAF002D78C1 /* UIKit.framework in Frameworks */,
				CE496F7318867FAF002D78C1 /* Foundation.framework in Frameworks */,
			);
			runOnlyForDeploymentPostprocessing = 0;
		};
		CE496F8D18867FAF002D78C1 /* Frameworks */ = {
			isa = PBXFrameworksBuildPhase;
			buildActionMask = 2147483647;
			files = (
				CE496F9218867FAF002D78C1 /* XCTest.framework in Frameworks */,
				CE496F9418867FAF002D78C1 /* UIKit.framework in Frameworks */,
				CE496F9318867FAF002D78C1 /* Foundation.framework in Frameworks */,
			);
			runOnlyForDeploymentPostprocessing = 0;
		};
/* End PBXFrameworksBuildPhase section */

/* Begin PBXGroup section */
		CE496F6618867FAF002D78C1 = {
			isa = PBXGroup;
			children = (
				CE496F7818867FAF002D78C1 /* Checklists */,
				CE496F9718867FAF002D78C1 /* ChecklistsTests */,
				CE496F7118867FAF002D78C1 /* Frameworks */,
				CE496F7018867FAF002D78C1 /* Products */,
			);
			sourceTree = "<group>";
		};
		CE496F7018867FAF002D78C1 /* Products */ = {
			isa = PBXGroup;
			children = (
				CE496F6F18867FAF002D78C1 /* Checklists.app */,
				CE496F9018867FAF002D78C1 /* ChecklistsTests.xctest */,
			);
			name = Products;
			sourceTree = "<group>";
		};
		CE496F7118867FAF002D78C1 /* Frameworks */ = {
			isa = PBXGroup;
			children = (
				CE496F7218867FAF002D78C1 /* Foundation.framework */,
				CE496F7418867FAF002D78C1 /* CoreGraphics.framework */,
				CE496F7618867FAF002D78C1 /* UIKit.framework */,
				CE496F9118867FAF002D78C1 /* XCTest.framework */,
			);
			name = Frameworks;
			sourceTree = "<group>";
		};
		CE496F7818867FAF002D78C1 /* Checklists */ = {
			isa = PBXGroup;
			children = (
				CE496F8118867FAF002D78C1 /* ChecklistsAppDelegate.h */,
				CE496F8218867FAF002D78C1 /* ChecklistsAppDelegate.m */,
				CE496F8418867FAF002D78C1 /* Main.storyboard */,
				CE496F8718867FAF002D78C1 /* ChecklistsViewController.h */,
				CE496F8818867FAF002D78C1 /* ChecklistsViewController.m */,
				CE496F8A18867FAF002D78C1 /* Images.xcassets */,
				CE496F7918867FAF002D78C1 /* Supporting Files */,
			);
			path = Checklists;
			sourceTree = "<group>";
		};
		CE496F7918867FAF002D78C1 /* Supporting Files */ = {
			isa = PBXGroup;
			children = (
				CE496F7A18867FAF002D78C1 /* Checklists-Info.plist */,
				CE496F7B18867FAF002D78C1 /* InfoPlist.strings */,
				CE496F7E18867FAF002D78C1 /* main.m */,
				CE496F8018867FAF002D78C1 /* Checklists-Prefix.pch */,
			);
			name = "Supporting Files";
			sourceTree = "<group>";
		};
		CE496F9718867FAF002D78C1 /* ChecklistsTests */ = {
			isa = PBXGroup;
			children = (
				CE496F9D18867FAF002D78C1 /* ChecklistsTests.m */,
				CE496F9818867FAF002D78C1 /* Supporting Files */,
			);
			path = ChecklistsTests;
			sourceTree = "<group>";
		};
		CE496F9818867FAF002D78C1 /* Supporting Files */ = {
			isa = PBXGroup;
			children = (
				CE496F9918867FAF002D78C1 /* ChecklistsTests-Info.plist */,
				CE496F9A18867FAF002D78C1 /* InfoPlist.strings */,
			);
			name = "Supporting Files";
			sourceTree = "<group>";
		};
/* End PBXGroup section */

/* Begin PBXNativeTarget section */
		CE496F6E18867FAF002D78C1 /* Checklists */ = {
			isa = PBXNativeTarget;
			buildConfigurationList = CE496FA118867FAF002D78C1 /* Build configuration list for PBXNativeTarget "Checklists" */;
			buildPhases = (
				CE496F6B18867FAF002D78C1 /* Sources */,
				CE496F6C18867FAF002D78C1 /* Frameworks */,
				CE496F6D18867FAF002D78C1 /* Resources */,
			);
			buildRules = (
			);
			dependencies = (
			);
			name = Checklists;
			productName = Checklists;
			productReference = CE496F6F18867FAF002D78C1 /* Checklists.app */;
			productType = "com.apple.product-type.application";
		};
		CE496F8F18867FAF002D78C1 /* ChecklistsTests */ = {
			isa = PBXNativeTarget;
			buildConfigurationList = CE496FA418867FAF002D78C1 /* Build configuration list for PBXNativeTarget "ChecklistsTests" */;
			buildPhases = (
				CE496F8C18867FAF002D78C1 /* Sources */,
				CE496F8D18867FAF002D78C1 /* Frameworks */,
				CE496F8E18867FAF002D78C1 /* Resources */,
			);
			buildRules = (
			);
			dependencies = (
				CE496F9618867FAF002D78C1 /* PBXTargetDependency */,
			);
			name = ChecklistsTests;
			productName = ChecklistsTests;
			productReference = CE496F9018867FAF002D78C1 /* ChecklistsTests.xctest */;
			productType = "com.apple.product-type.bundle.unit-test";
		};
/* End PBXNativeTarget section */

/* Begin PBXProject section */
		CE496F6718867FAF002D78C1 /* Project object */ = {
			isa = PBXProject;
			attributes = {
				CLASSPREFIX = Checklists;
				LastUpgradeCheck = 0500;
				ORGANIZATIONNAME = AIR;
				TargetAttributes = {
					CE496F8F18867FAF002D78C1 = {
						TestTargetID = CE496F6E18867FAF002D78C1;
					};
				};
			};
			buildConfigurationList = CE496F6A18867FAF002D78C1 /* Build configuration list for PBXProject "Checklists" */;
			compatibilityVersion = "Xcode 3.2";
			developmentRegion = English;
			hasScannedForEncodings = 0;
			knownRegions = (
				en,
				Base,
			);
			mainGroup = CE496F6618867FAF002D78C1;
			productRefGroup = CE496F7018867FAF002D78C1 /* Products */;
			projectDirPath = "";
			projectRoot = "";
			targets = (
				CE496F6E18867FAF002D78C1 /* Checklists */,
				CE496F8F18867FAF002D78C1 /* ChecklistsTests */,
			);
		};
/* End PBXProject section */

/* Begin PBXResourcesBuildPhase section */
		CE496F6D18867FAF002D78C1 /* Resources */ = {
			isa = PBXResourcesBuildPhase;
			buildActionMask = 2147483647;
			files = (
				CE496F8B18867FAF002D78C1 /* Images.xcassets in Resources */,
				CE496F7D18867FAF002D78C1 /* InfoPlist.strings in Resources */,
				CE496F8618867FAF002D78C1 /* Main.storyboard in Resources */,
			);
			runOnlyForDeploymentPostprocessing = 0;
		};
		CE496F8E18867FAF002D78C1 /* Resources */ = {
			isa = PBXResourcesBuildPhase;
			buildActionMask = 2147483647;
			files = (
				CE496F9C18867FAF002D78C1 /* InfoPlist.strings in Resources */,
			);
			runOnlyForDeploymentPostprocessing = 0;
		};
/* End PBXResourcesBuildPhase section */

/* Begin PBXSourcesBuildPhase section */
		CE496F6B18867FAF002D78C1 /* Sources */ = {
			isa = PBXSourcesBuildPhase;
			buildActionMask = 2147483647;
			files = (
				CE496F7F18867FAF002D78C1 /* main.m in Sources */,
				CE496F8318867FAF002D78C1 /* ChecklistsAppDelegate.m in Sources */,
				CE496F8918867FAF002D78C1 /* ChecklistsViewController.m in Sources */,
			);
			runOnlyForDeploymentPostprocessing = 0;
		};
		CE496F8C18867FAF002D78C1 /* Sources */ = {
			isa = PBXSourcesBuildPhase;
			buildActionMask = 2147483647;
			files = (
				CE496F9E18867FAF002D78C1 /* ChecklistsTests.m in Sources */,
			);
			runOnlyForDeploymentPostprocessing = 0;
		};
/* End PBXSourcesBuildPhase section */

/* Begin PBXTargetDependency section */
		CE496F9618867FAF002D78C1 /* PBXTargetDependency */ = {
			isa = PBXTargetDependency;
			target = CE496F6E18867FAF002D78C1 /* Checklists */;
			targetProxy = CE496F9518867FAF002D78C1 /* PBXContainerItemProxy */;
		};
/* End PBXTargetDependency section */

/* Begin PBXVariantGroup section */
		CE496F7B18867FAF002D78C1 /* InfoPlist.strings */ = {
			isa = PBXVariantGroup;
			children = (
				CE496F7C18867FAF002D78C1 /* en */,
			);
			name = InfoPlist.strings;
			sourceTree = "<group>";
		};
		CE496F8418867FAF002D78C1 /* Main.storyboard */ = {
			isa = PBXVariantGroup;
			children = (
				CE496F8518867FAF002D78C1 /* Base */,
			);
			name = Main.storyboard;
			sourceTree = "<group>";
		};
		CE496F9A18867FAF002D78C1 /* InfoPlist.strings */ = {
			isa = PBXVariantGroup;
			children = (
				CE496F9B18867FAF002D78C1 /* en */,
			);
			name = InfoPlist.strings;
			sourceTree = "<group>";
		};
/* End PBXVariantGroup section */

/* Begin XCBuildConfiguration section */
		CE496F9F18867FAF002D78C1 /* Debug */ = {
			isa = XCBuildConfiguration;
			buildSettings = {
				ALWAYS_SEARCH_USER_PATHS = NO;
				ARCHS = "$(ARCHS_STANDARD_INCLUDING_64_BIT)";
				CLANG_CXX_LANGUAGE_STANDARD = "gnu++0x";
				CLANG_CXX_LIBRARY = "libc++";
				CLANG_ENABLE_MODULES = YES;
				CLANG_ENABLE_OBJC_ARC = YES;
				CLANG_WARN_BOOL_CONVERSION = YES;
				CLANG_WARN_CONSTANT_CONVERSION = YES;
				CLANG_WARN_DIRECT_OBJC_ISA_USAGE = YES_ERROR;
				CLANG_WARN_EMPTY_BODY = YES;
				CLANG_WARN_ENUM_CONVERSION = YES;
				CLANG_WARN_INT_CONVERSION = YES;
				CLANG_WARN_OBJC_ROOT_CLASS = YES_ERROR;
				CLANG_WARN__DUPLICATE_METHOD_MATCH = YES;
				"CODE_SIGN_IDENTITY[sdk=iphoneos*]" = "iPhone Developer";
				COPY_PHASE_STRIP = NO;
				GCC_C_LANGUAGE_STANDARD = gnu99;
				GCC_DYNAMIC_NO_PIC = NO;
				GCC_OPTIMIZATION_LEVEL = 0;
				GCC_PREPROCESSOR_DEFINITIONS = (
					"DEBUG=1",
					"$(inherited)",
				);
				GCC_SYMBOLS_PRIVATE_EXTERN = NO;
				GCC_WARN_64_TO_32_BIT_CONVERSION = YES;
				GCC_WARN_ABOUT_RETURN_TYPE = YES_ERROR;
				GCC_WARN_UNDECLARED_SELECTOR = YES;
				GCC_WARN_UNINITIALIZED_AUTOS = YES;
				GCC_WARN_UNUSED_FUNCTION = YES;
				GCC_WARN_UNUSED_VARIABLE = YES;
				IPHONEOS_DEPLOYMENT_TARGET = 7.0;
				ONLY_ACTIVE_ARCH = YES;
				SDKROOT = iphoneos;
			};
			name = Debug;
		};
		CE496FA018867FAF002D78C1 /* Release */ = {
			isa = XCBuildConfiguration;
			buildSettings = {
				ALWAYS_SEARCH_USER_PATHS = NO;
				ARCHS = "$(ARCHS_STANDARD_INCLUDING_64_BIT)";
				CLANG_CXX_LANGUAGE_STANDARD = "gnu++0x";
				CLANG_CXX_LIBRARY = "libc++";
				CLANG_ENABLE_MODULES = YES;
				CLANG_ENABLE_OBJC_ARC = YES;
				CLANG_WARN_BOOL_CONVERSION = YES;
				CLANG_WARN_CONSTANT_CONVERSION = YES;
				CLANG_WARN_DIRECT_OBJC_ISA_USAGE = YES_ERROR;
				CLANG_WARN_EMPTY_BODY = YES;
				CLANG_WARN_ENUM_CONVERSION = YES;
				CLANG_WARN_INT_CONVERSION = YES;
				CLANG_WARN_OBJC_ROOT_CLASS = YES_ERROR;
				CLANG_WARN__DUPLICATE_METHOD_MATCH = YES;
				"CODE_SIGN_IDENTITY[sdk=iphoneos*]" = "iPhone Developer";
				COPY_PHASE_STRIP = YES;
				ENABLE_NS_ASSERTIONS = NO;
				GCC_C_LANGUAGE_STANDARD = gnu99;
				GCC_WARN_64_TO_32_BIT_CONVERSION = YES;
				GCC_WARN_ABOUT_RETURN_TYPE = YES_ERROR;
				GCC_WARN_UNDECLARED_SELECTOR = YES;
				GCC_WARN_UNINITIALIZED_AUTOS = YES;
				GCC_WARN_UNUSED_FUNCTION = YES;
				GCC_WARN_UNUSED_VARIABLE = YES;
				IPHONEOS_DEPLOYMENT_TARGET = 7.0;
				SDKROOT = iphoneos;
				VALIDATE_PRODUCT = YES;
			};
			name = Release;
		};
		CE496FA218867FAF002D78C1 /* Debug */ = {
			isa = XCBuildConfiguration;
			buildSettings = {
				ASSETCATALOG_COMPILER_APPICON_NAME = AppIcon;
				ASSETCATALOG_COMPILER_LAUNCHIMAGE_NAME = LaunchImage;
				GCC_PRECOMPILE_PREFIX_HEADER = YES;
				GCC_PREFIX_HEADER = "Checklists/Checklists-Prefix.pch";
				INFOPLIST_FILE = "Checklists/Checklists-Info.plist";
				PRODUCT_NAME = "$(TARGET_NAME)";
				WRAPPER_EXTENSION = app;
			};
			name = Debug;
		};
		CE496FA318867FAF002D78C1 /* Release */ = {
			isa = XCBuildConfiguration;
			buildSettings = {
				ASSETCATALOG_COMPILER_APPICON_NAME = AppIcon;
				ASSETCATALOG_COMPILER_LAUNCHIMAGE_NAME = LaunchImage;
				GCC_PRECOMPILE_PREFIX_HEADER = YES;
				GCC_PREFIX_HEADER = "Checklists/Checklists-Prefix.pch";
				INFOPLIST_FILE = "Checklists/Checklists-Info.plist";
				PRODUCT_NAME = "$(TARGET_NAME)";
				WRAPPER_EXTENSION = app;
			};
			name = Release;
		};
		CE496FA518867FAF002D78C1 /* Debug */ = {
			isa = XCBuildConfiguration;
			buildSettings = {
				ARCHS = "$(ARCHS_STANDARD_INCLUDING_64_BIT)";
				BUNDLE_LOADER = "$(BUILT_PRODUCTS_DIR)/Checklists.app/Checklists";
				FRAMEWORK_SEARCH_PATHS = (
					"$(SDKROOT)/Developer/Library/Frameworks",
					"$(inherited)",
					"$(DEVELOPER_FRAMEWORKS_DIR)",
				);
				GCC_PRECOMPILE_PREFIX_HEADER = YES;
				GCC_PREFIX_HEADER = "Checklists/Checklists-Prefix.pch";
				GCC_PREPROCESSOR_DEFINITIONS = (
					"DEBUG=1",
					"$(inherited)",
				);
				INFOPLIST_FILE = "ChecklistsTests/ChecklistsTests-Info.plist";
				PRODUCT_NAME = "$(TARGET_NAME)";
				TEST_HOST = "$(BUNDLE_LOADER)";
				WRAPPER_EXTENSION = xctest;
			};
			name = Debug;
		};
		CE496FA618867FAF002D78C1 /* Release */ = {
			isa = XCBuildConfiguration;
			buildSettings = {
				ARCHS = "$(ARCHS_STANDARD_INCLUDING_64_BIT)";
				BUNDLE_LOADER = "$(BUILT_PRODUCTS_DIR)/Checklists.app/Checklists";
				FRAMEWORK_SEARCH_PATHS = (
					"$(SDKROOT)/Developer/Library/Frameworks",
					"$(inherited)",
					"$(DEVELOPER_FRAMEWORKS_DIR)",
				);
				GCC_PRECOMPILE_PREFIX_HEADER = YES;
				GCC_PREFIX_HEADER = "Checklists/Checklists-Prefix.pch";
				INFOPLIST_FILE = "ChecklistsTests/ChecklistsTests-Info.plist";
				PRODUCT_NAME = "$(TARGET_NAME)";
				TEST_HOST = "$(BUNDLE_LOADER)";
				WRAPPER_EXTENSION = xctest;
			};
			name = Release;
		};
/* End XCBuildConfiguration section */

/* Begin XCConfigurationList section */
		CE496F6A18867FAF002D78C1 /* Build configuration list for PBXProject "Checklists" */ = {
			isa = XCConfigurationList;
			buildConfigurations = (
				CE496F9F18867FAF002D78C1 /* Debug */,
				CE496FA018867FAF002D78C1 /* Release */,
			);
			defaultConfigurationIsVisible = 0;
			defaultConfigurationName = Release;
		};
		CE496FA118867FAF002D78C1 /* Build configuration list for PBXNativeTarget "Checklists" */ = {
			isa = XCConfigurationList;
			buildConfigurations = (
				CE496FA218867FAF002D78C1 /* Debug */,
				CE496FA318867FAF002D78C1 /* Release */,
			);
			defaultConfigurationIsVisible = 0;
		};
		CE496FA418867FAF002D78C1 /* Build configuration list for PBXNativeTarget "ChecklistsTests" */ = {
			isa = XCConfigurationList;
			buildConfigurations = (
				CE496FA518867FAF002D78C1 /* Debug */,
				CE496FA618867FAF002D78C1 /* Release */,
			);
			defaultConfigurationIsVisible = 0;
		};
/* End XCConfigurationList section */
	};
	rootObject = CE496F6718867FAF002D78C1 /* Project object */;
}
